
Microsoft Visual Studio Solution File, Format Version 12.00
# Visual Studio Version 17
VisualStudioVersion = 17.14.36221.1 d17.14
MinimumVisualStudioVersion = 10.0.40219.1
Project("{FAE04EC0-301F-11D3-BF4B-00C04F79EFBC}") = "Demo", "Demo\Demo.csproj", "{414F9F44-A996-4ADD-9CE6-80863BE5EFF0}"
EndProject
Project("{FAE04EC0-301F-11D3-BF4B-00C04F79EFBC}") = "Assemente", "Assemente\Assemente.csproj", "{121AF8B2-6B77-4286-A9CA-2D977E88FF03}"
EndProject
Global
	GlobalSection(SolutionConfigurationPlatforms) = preSolution
		Debug|Any CPU = Debug|Any CPU
		Release|Any CPU = Release|Any CPU
	EndGlobalSection
	GlobalSection(ProjectConfigurationPlatforms) = postSolution
		{414F9F44-A996-4ADD-9CE6-80863BE5EFF0}.Debug|Any CPU.ActiveCfg = Debug|Any CPU
		{414F9F44-A996-4ADD-9CE6-80863BE5EFF0}.Debug|Any CPU.Build.0 = Debug|Any CPU
		{414F9F44-A996-4ADD-9CE6-80863BE5EFF0}.Release|Any CPU.ActiveCfg = Release|Any CPU
		{414F9F44-A996-4ADD-9CE6-80863BE5EFF0}.Release|Any CPU.Build.0 = Release|Any CPU
		{121AF8B2-6B77-4286-A9CA-2D977E88FF03}.Debug|Any CPU.ActiveCfg = Debug|Any CPU
		{121AF8B2-6B77-4286-A9CA-2D977E88FF03}.Debug|Any CPU.Build.0 = Debug|Any CPU
		{121AF8B2-6B77-4286-A9CA-2D977E88FF03}.Release|Any CPU.ActiveCfg = Release|Any CPU
		{121AF8B2-6B77-4286-A9CA-2D977E88FF03}.Release|Any CPU.Build.0 = Release|Any CPU
	EndGlobalSection
	GlobalSection(SolutionProperties) = preSolution
		HideSolutionNode = FALSE
	EndGlobalSection
	GlobalSection(ExtensibilityGlobals) = postSolution
		SolutionGuid = {67EAB1E9-39E6-4087-8164-D19BC38E096A}
	EndGlobalSection
EndGlobal
